
Microsoft Visual Studio Solution File, Format Version 12.00
# Visual Studio Version 17
VisualStudioVersion = 17.0.31903.59
MinimumVisualStudioVersion = 10.0.40219.1
Project("{FAE04EC0-301F-11D3-BF4B-00C04F79EFBC}") = "API", "API\API.csproj", "{F6BCA6D1-5EC1-4592-A9D2-1A3E9767D5FB}"
EndProject
Project("{FAE04EC0-301F-11D3-BF4B-00C04F79EFBC}") = "Application", "Application\Application.csproj", "{63DAC3AD-B6D7-47DD-9386-5B5E5C2632C6}"
EndProject
Project("{FAE04EC0-301F-11D3-BF4B-00C04F79EFBC}") = "Domain", "Domain\Domain.csproj", "{2EA904DF-2E8F-4770-99C4-A5FB40AA1D33}"
EndProject
Project("{FAE04EC0-301F-11D3-BF4B-00C04F79EFBC}") = "Persistence", "Persistence\Persistence.csproj", "{06C3CB5A-001A-497B-984E-7CCE9D6BF8F6}"
EndProject
Global
	GlobalSection(SolutionConfigurationPlatforms) = preSolution
		Debug|Any CPU = Debug|Any CPU
		Release|Any CPU = Release|Any CPU
	EndGlobalSection
	GlobalSection(SolutionProperties) = preSolution
		HideSolutionNode = FALSE
	EndGlobalSection
	GlobalSection(ProjectConfigurationPlatforms) = postSolution
		{F6BCA6D1-5EC1-4592-A9D2-1A3E9767D5FB}.Debug|Any CPU.ActiveCfg = Debug|Any CPU
		{F6BCA6D1-5EC1-4592-A9D2-1A3E9767D5FB}.Debug|Any CPU.Build.0 = Debug|Any CPU
		{F6BCA6D1-5EC1-4592-A9D2-1A3E9767D5FB}.Release|Any CPU.ActiveCfg = Release|Any CPU
		{F6BCA6D1-5EC1-4592-A9D2-1A3E9767D5FB}.Release|Any CPU.Build.0 = Release|Any CPU
		{63DAC3AD-B6D7-47DD-9386-5B5E5C2632C6}.Debug|Any CPU.ActiveCfg = Debug|Any CPU
		{63DAC3AD-B6D7-47DD-9386-5B5E5C2632C6}.Debug|Any CPU.Build.0 = Debug|Any CPU
		{63DAC3AD-B6D7-47DD-9386-5B5E5C2632C6}.Release|Any CPU.ActiveCfg = Release|Any CPU
		{63DAC3AD-B6D7-47DD-9386-5B5E5C2632C6}.Release|Any CPU.Build.0 = Release|Any CPU
		{2EA904DF-2E8F-4770-99C4-A5FB40AA1D33}.Debug|Any CPU.ActiveCfg = Debug|Any CPU
		{2EA904DF-2E8F-4770-99C4-A5FB40AA1D33}.Debug|Any CPU.Build.0 = Debug|Any CPU
		{2EA904DF-2E8F-4770-99C4-A5FB40AA1D33}.Release|Any CPU.ActiveCfg = Release|Any CPU
		{2EA904DF-2E8F-4770-99C4-A5FB40AA1D33}.Release|Any CPU.Build.0 = Release|Any CPU
		{06C3CB5A-001A-497B-984E-7CCE9D6BF8F6}.Debug|Any CPU.ActiveCfg = Debug|Any CPU
		{06C3CB5A-001A-497B-984E-7CCE9D6BF8F6}.Debug|Any CPU.Build.0 = Debug|Any CPU
		{06C3CB5A-001A-497B-984E-7CCE9D6BF8F6}.Release|Any CPU.ActiveCfg = Release|Any CPU
		{06C3CB5A-001A-497B-984E-7CCE9D6BF8F6}.Release|Any CPU.Build.0 = Release|Any CPU
	EndGlobalSection
EndGlobal
